
Microsoft Visual Studio Solution File, Format Version 12.00
# Visual Studio Version 17
VisualStudioVersion = 17.10.35027.167
MinimumVisualStudioVersion = 10.0.40219.1
Project("{F184B08F-C81C-45F6-A57F-5ABD9991F28F}") = "devibrahimcelik - services", "devibrahimcelik - services\devibrahimcelik - services.vbproj", "{3D3810EE-2B00-4ED1-A5D0-FEC56D5E8D2C}"
EndProject
Global
	GlobalSection(SolutionConfigurationPlatforms) = preSolution
		Debug|Any CPU = Debug|Any CPU
		Release|Any CPU = Release|Any CPU
	EndGlobalSection
	GlobalSection(ProjectConfigurationPlatforms) = postSolution
		{3D3810EE-2B00-4ED1-A5D0-FEC56D5E8D2C}.Debug|Any CPU.ActiveCfg = Debug|Any CPU
		{3D3810EE-2B00-4ED1-A5D0-FEC56D5E8D2C}.Debug|Any CPU.Build.0 = Debug|Any CPU
		{3D3810EE-2B00-4ED1-A5D0-FEC56D5E8D2C}.Release|Any CPU.ActiveCfg = Release|Any CPU
		{3D3810EE-2B00-4ED1-A5D0-FEC56D5E8D2C}.Release|Any CPU.Build.0 = Release|Any CPU
	EndGlobalSection
	GlobalSection(SolutionProperties) = preSolution
		HideSolutionNode = FALSE
	EndGlobalSection
	GlobalSection(ExtensibilityGlobals) = postSolution
		SolutionGuid = {B5925CAD-A8DA-4DDF-A296-C69C559C98D5}
	EndGlobalSection
EndGlobal
